// !$*UTF8*$!
{
	archiveVersion = 1;
	classes = {
	};
	objectVersion = 56;
	objects = {

/* Begin PBXBuildFile section */
		599929372B4CF20400844299 /* RemoteImage.swift in Sources */ = {isa = PBXBuildFile; fileRef = 599929362B4CF20400844299 /* RemoteImage.swift */; };
		599CA3752B3F86C80044E248 /* AppetizerApp.swift in Sources */ = {isa = PBXBuildFile; fileRef = 599CA3742B3F86C80044E248 /* AppetizerApp.swift */; };
		599CA3772B3F86C80044E248 /* HomeTabView.swift in Sources */ = {isa = PBXBuildFile; fileRef = 599CA3762B3F86C80044E248 /* HomeTabView.swift */; };
		599CA3792B3F86CB0044E248 /* Assets.xcassets in Resources */ = {isa = PBXBuildFile; fileRef = 599CA3782B3F86CB0044E248 /* Assets.xcassets */; };
		599CA37D2B3F86CB0044E248 /* Preview Assets.xcassets in Resources */ = {isa = PBXBuildFile; fileRef = 599CA37C2B3F86CB0044E248 /* Preview Assets.xcassets */; };
		599CA3842B3F8CCF0044E248 /* AppetizerListView.swift in Sources */ = {isa = PBXBuildFile; fileRef = 599CA3832B3F8CCF0044E248 /* AppetizerListView.swift */; };
		599CA3862B3F8CD10044E248 /* AccountView.swift in Sources */ = {isa = PBXBuildFile; fileRef = 599CA3852B3F8CD10044E248 /* AccountView.swift */; };
		59BBD6082B4CACA7006572F7 /* OrderView.swift in Sources */ = {isa = PBXBuildFile; fileRef = 59BBD6072B4CACA7006572F7 /* OrderView.swift */; };
		59BBD60F2B4CAE27006572F7 /* Appetizer.swift in Sources */ = {isa = PBXBuildFile; fileRef = 59BBD60E2B4CAE27006572F7 /* Appetizer.swift */; };
		59BBD6112B4CAE8B006572F7 /* NetworkManager.swift in Sources */ = {isa = PBXBuildFile; fileRef = 59BBD6102B4CAE8B006572F7 /* NetworkManager.swift */; };
		59BBD6132B4CB481006572F7 /* AppetizerListCellView.swift in Sources */ = {isa = PBXBuildFile; fileRef = 59BBD6122B4CB481006572F7 /* AppetizerListCellView.swift */; };
		B3C43FD62B5DE31E00B50C59 /* AppetizerListViewModel.swift in Sources */ = {isa = PBXBuildFile; fileRef = B3C43FD52B5DE31E00B50C59 /* AppetizerListViewModel.swift */; };
		B3C43FD92B5DE5B900B50C59 /* Alert.swift in Sources */ = {isa = PBXBuildFile; fileRef = B3C43FD82B5DE5B900B50C59 /* Alert.swift */; };
		B3C43FDC2B5DEB2300B50C59 /* LoadingView.swift in Sources */ = {isa = PBXBuildFile; fileRef = B3C43FDB2B5DEB2300B50C59 /* LoadingView.swift */; };
		B3C43FDE2B5DFBB200B50C59 /* AppetizerListDetailView.swift in Sources */ = {isa = PBXBuildFile; fileRef = B3C43FDD2B5DFBB200B50C59 /* AppetizerListDetailView.swift */; };
		B3C43FE02B5E051D00B50C59 /* AppetizerButton.swift in Sources */ = {isa = PBXBuildFile; fileRef = B3C43FDF2B5E051D00B50C59 /* AppetizerButton.swift */; };
/* End PBXBuildFile section */

/* Begin PBXFileReference section */
		599929362B4CF20400844299 /* RemoteImage.swift */ = {isa = PBXFileReference; lastKnownFileType = sourcecode.swift; path = RemoteImage.swift; sourceTree = "<group>"; };
		599CA3712B3F86C80044E248 /* Appetizer.app */ = {isa = PBXFileReference; explicitFileType = wrapper.application; includeInIndex = 0; path = Appetizer.app; sourceTree = BUILT_PRODUCTS_DIR; };
		599CA3742B3F86C80044E248 /* AppetizerApp.swift */ = {isa = PBXFileReference; lastKnownFileType = sourcecode.swift; path = AppetizerApp.swift; sourceTree = "<group>"; };
		599CA3762B3F86C80044E248 /* HomeTabView.swift */ = {isa = PBXFileReference; lastKnownFileType = sourcecode.swift; path = HomeTabView.swift; sourceTree = "<group>"; };
		599CA3782B3F86CB0044E248 /* Assets.xcassets */ = {isa = PBXFileReference; lastKnownFileType = folder.assetcatalog; path = Assets.xcassets; sourceTree = "<group>"; };
		599CA37A2B3F86CB0044E248 /* Appetizer.entitlements */ = {isa = PBXFileReference; lastKnownFileType = text.plist.entitlements; path = Appetizer.entitlements; sourceTree = "<group>"; };
		599CA37C2B3F86CB0044E248 /* Preview Assets.xcassets */ = {isa = PBXFileReference; lastKnownFileType = folder.assetcatalog; path = "Preview Assets.xcassets"; sourceTree = "<group>"; };
		599CA3832B3F8CCF0044E248 /* AppetizerListView.swift */ = {isa = PBXFileReference; lastKnownFileType = sourcecode.swift; path = AppetizerListView.swift; sourceTree = "<group>"; };
		599CA3852B3F8CD10044E248 /* AccountView.swift */ = {isa = PBXFileReference; lastKnownFileType = sourcecode.swift; path = AccountView.swift; sourceTree = "<group>"; };
		59BBD6072B4CACA7006572F7 /* OrderView.swift */ = {isa = PBXFileReference; lastKnownFileType = sourcecode.swift; path = OrderView.swift; sourceTree = "<group>"; };
		59BBD60E2B4CAE27006572F7 /* Appetizer.swift */ = {isa = PBXFileReference; lastKnownFileType = sourcecode.swift; path = Appetizer.swift; sourceTree = "<group>"; };
		59BBD6102B4CAE8B006572F7 /* NetworkManager.swift */ = {isa = PBXFileReference; lastKnownFileType = sourcecode.swift; path = NetworkManager.swift; sourceTree = "<group>"; };
		59BBD6122B4CB481006572F7 /* AppetizerListCellView.swift */ = {isa = PBXFileReference; lastKnownFileType = sourcecode.swift; path = AppetizerListCellView.swift; sourceTree = "<group>"; };
		B3C43FD52B5DE31E00B50C59 /* AppetizerListViewModel.swift */ = {isa = PBXFileReference; lastKnownFileType = sourcecode.swift; path = AppetizerListViewModel.swift; sourceTree = "<group>"; };
		B3C43FD82B5DE5B900B50C59 /* Alert.swift */ = {isa = PBXFileReference; lastKnownFileType = sourcecode.swift; path = Alert.swift; sourceTree = "<group>"; };
		B3C43FDB2B5DEB2300B50C59 /* LoadingView.swift */ = {isa = PBXFileReference; lastKnownFileType = sourcecode.swift; path = LoadingView.swift; sourceTree = "<group>"; };
		B3C43FDD2B5DFBB200B50C59 /* AppetizerListDetailView.swift */ = {isa = PBXFileReference; lastKnownFileType = sourcecode.swift; path = AppetizerListDetailView.swift; sourceTree = "<group>"; };
		B3C43FDF2B5E051D00B50C59 /* AppetizerButton.swift */ = {isa = PBXFileReference; lastKnownFileType = sourcecode.swift; path = AppetizerButton.swift; sourceTree = "<group>"; };
/* End PBXFileReference section */

/* Begin PBXFrameworksBuildPhase section */
		599CA36E2B3F86C80044E248 /* Frameworks */ = {
			isa = PBXFrameworksBuildPhase;
			buildActionMask = 2147483647;
			files = (
			);
			runOnlyForDeploymentPostprocessing = 0;
		};
/* End PBXFrameworksBuildPhase section */

/* Begin PBXGroup section */
		599CA3682B3F86C80044E248 = {
			isa = PBXGroup;
			children = (
				599CA3732B3F86C80044E248 /* Appetizer */,
				599CA3722B3F86C80044E248 /* Products */,
			);
			sourceTree = "<group>";
		};
		599CA3722B3F86C80044E248 /* Products */ = {
			isa = PBXGroup;
			children = (
				599CA3712B3F86C80044E248 /* Appetizer.app */,
			);
			name = Products;
			sourceTree = "<group>";
		};
		599CA3732B3F86C80044E248 /* Appetizer */ = {
			isa = PBXGroup;
			children = (
				B3C43FD72B5DE5B300B50C59 /* Alert */,
				59BBD6142B4CE9A4006572F7 /* Components */,
				59BBD60D2B4CAE06006572F7 /* Network */,
				59BBD60C2B4CAE00006572F7 /* Model */,
				599CA3742B3F86C80044E248 /* AppetizerApp.swift */,
				599CA3762B3F86C80044E248 /* HomeTabView.swift */,
				59BBD60B2B4CADE6006572F7 /* Account */,
				59BBD60A2B4CACCF006572F7 /* AppetizerList */,
				59BBD6092B4CACC5006572F7 /* Order */,
				599CA3782B3F86CB0044E248 /* Assets.xcassets */,
				599CA37A2B3F86CB0044E248 /* Appetizer.entitlements */,
				599CA37B2B3F86CB0044E248 /* Preview Content */,
			);
			path = Appetizer;
			sourceTree = "<group>";
		};
		599CA37B2B3F86CB0044E248 /* Preview Content */ = {
			isa = PBXGroup;
			children = (
				599CA37C2B3F86CB0044E248 /* Preview Assets.xcassets */,
			);
			path = "Preview Content";
			sourceTree = "<group>";
		};
		59BBD6092B4CACC5006572F7 /* Order */ = {
			isa = PBXGroup;
			children = (
				59BBD6072B4CACA7006572F7 /* OrderView.swift */,
			);
			path = Order;
			sourceTree = "<group>";
		};
		59BBD60A2B4CACCF006572F7 /* AppetizerList */ = {
			isa = PBXGroup;
			children = (
				599CA3832B3F8CCF0044E248 /* AppetizerListView.swift */,
				59BBD6122B4CB481006572F7 /* AppetizerListCellView.swift */,
				B3C43FD52B5DE31E00B50C59 /* AppetizerListViewModel.swift */,
				B3C43FDD2B5DFBB200B50C59 /* AppetizerListDetailView.swift */,
			);
			path = AppetizerList;
			sourceTree = "<group>";
		};
		59BBD60B2B4CADE6006572F7 /* Account */ = {
			isa = PBXGroup;
			children = (
				599CA3852B3F8CD10044E248 /* AccountView.swift */,
			);
			path = Account;
			sourceTree = "<group>";
		};
		59BBD60C2B4CAE00006572F7 /* Model */ = {
			isa = PBXGroup;
			children = (
				59BBD60E2B4CAE27006572F7 /* Appetizer.swift */,
			);
			path = Model;
			sourceTree = "<group>";
		};
		59BBD60D2B4CAE06006572F7 /* Network */ = {
			isa = PBXGroup;
			children = (
				59BBD6102B4CAE8B006572F7 /* NetworkManager.swift */,
			);
			path = Network;
			sourceTree = "<group>";
		};
		59BBD6142B4CE9A4006572F7 /* Components */ = {
			isa = PBXGroup;
			children = (
				599929362B4CF20400844299 /* RemoteImage.swift */,
				B3C43FDB2B5DEB2300B50C59 /* LoadingView.swift */,
				B3C43FDF2B5E051D00B50C59 /* AppetizerButton.swift */,
			);
			path = Components;
			sourceTree = "<group>";
		};
		B3C43FD72B5DE5B300B50C59 /* Alert */ = {
			isa = PBXGroup;
			children = (
				B3C43FD82B5DE5B900B50C59 /* Alert.swift */,
			);
			path = Alert;
			sourceTree = "<group>";
		};
/* End PBXGroup section */

/* Begin PBXNativeTarget section */
		599CA3702B3F86C80044E248 /* Appetizer */ = {
			isa = PBXNativeTarget;
			buildConfigurationList = 599CA3802B3F86CB0044E248 /* Build configuration list for PBXNativeTarget "Appetizer" */;
			buildPhases = (
				599CA36D2B3F86C80044E248 /* Sources */,
				599CA36E2B3F86C80044E248 /* Frameworks */,
				599CA36F2B3F86C80044E248 /* Resources */,
			);
			buildRules = (
			);
			dependencies = (
			);
			name = Appetizer;
			productName = Appetizer;
			productReference = 599CA3712B3F86C80044E248 /* Appetizer.app */;
			productType = "com.apple.product-type.application";
		};
/* End PBXNativeTarget section */

/* Begin PBXProject section */
		599CA3692B3F86C80044E248 /* Project object */ = {
			isa = PBXProject;
			attributes = {
				BuildIndependentTargetsInParallel = 1;
				LastSwiftUpdateCheck = 1500;
				LastUpgradeCheck = 1500;
				TargetAttributes = {
					599CA3702B3F86C80044E248 = {
						CreatedOnToolsVersion = 15.0.1;
					};
				};
			};
			buildConfigurationList = 599CA36C2B3F86C80044E248 /* Build configuration list for PBXProject "Appetizer" */;
			compatibilityVersion = "Xcode 14.0";
			developmentRegion = en;
			hasScannedForEncodings = 0;
			knownRegions = (
				en,
				Base,
			);
			mainGroup = 599CA3682B3F86C80044E248;
			productRefGroup = 599CA3722B3F86C80044E248 /* Products */;
			projectDirPath = "";
			projectRoot = "";
			targets = (
				599CA3702B3F86C80044E248 /* Appetizer */,
			);
		};
/* End PBXProject section */

/* Begin PBXResourcesBuildPhase section */
		599CA36F2B3F86C80044E248 /* Resources */ = {
			isa = PBXResourcesBuildPhase;
			buildActionMask = 2147483647;
			files = (
				599CA37D2B3F86CB0044E248 /* Preview Assets.xcassets in Resources */,
				599CA3792B3F86CB0044E248 /* Assets.xcassets in Resources */,
			);
			runOnlyForDeploymentPostprocessing = 0;
		};
/* End PBXResourcesBuildPhase section */

/* Begin PBXSourcesBuildPhase section */
		599CA36D2B3F86C80044E248 /* Sources */ = {
			isa = PBXSourcesBuildPhase;
			buildActionMask = 2147483647;
			files = (
				599929372B4CF20400844299 /* RemoteImage.swift in Sources */,
				59BBD60F2B4CAE27006572F7 /* Appetizer.swift in Sources */,
				599CA3772B3F86C80044E248 /* HomeTabView.swift in Sources */,
				B3C43FD62B5DE31E00B50C59 /* AppetizerListViewModel.swift in Sources */,
				599CA3842B3F8CCF0044E248 /* AppetizerListView.swift in Sources */,
				B3C43FDE2B5DFBB200B50C59 /* AppetizerListDetailView.swift in Sources */,
				B3C43FDC2B5DEB2300B50C59 /* LoadingView.swift in Sources */,
				59BBD6132B4CB481006572F7 /* AppetizerListCellView.swift in Sources */,
				59BBD6112B4CAE8B006572F7 /* NetworkManager.swift in Sources */,
				599CA3862B3F8CD10044E248 /* AccountView.swift in Sources */,
				B3C43FD92B5DE5B900B50C59 /* Alert.swift in Sources */,
				599CA3752B3F86C80044E248 /* AppetizerApp.swift in Sources */,
				B3C43FE02B5E051D00B50C59 /* AppetizerButton.swift in Sources */,
				59BBD6082B4CACA7006572F7 /* OrderView.swift in Sources */,
			);
			runOnlyForDeploymentPostprocessing = 0;
		};
/* End PBXSourcesBuildPhase section */

/* Begin XCBuildConfiguration section */
		599CA37E2B3F86CB0044E248 /* Debug */ = {
			isa = XCBuildConfiguration;
			buildSettings = {
				ALWAYS_SEARCH_USER_PATHS = NO;
				ASSETCATALOG_COMPILER_GENERATE_SWIFT_ASSET_SYMBOL_EXTENSIONS = YES;
				CLANG_ANALYZER_NONNULL = YES;
				CLANG_ANALYZER_NUMBER_OBJECT_CONVERSION = YES_AGGRESSIVE;
				CLANG_CXX_LANGUAGE_STANDARD = "gnu++20";
				CLANG_ENABLE_MODULES = YES;
				CLANG_ENABLE_OBJC_ARC = YES;
				CLANG_ENABLE_OBJC_WEAK = YES;
				CLANG_WARN_BLOCK_CAPTURE_AUTORELEASING = YES;
				CLANG_WARN_BOOL_CONVERSION = YES;
				CLANG_WARN_COMMA = YES;
				CLANG_WARN_CONSTANT_CONVERSION = YES;
				CLANG_WARN_DEPRECATED_OBJC_IMPLEMENTATIONS = YES;
				CLANG_WARN_DIRECT_OBJC_ISA_USAGE = YES_ERROR;
				CLANG_WARN_DOCUMENTATION_COMMENTS = YES;
				CLANG_WARN_EMPTY_BODY = YES;
				CLANG_WARN_ENUM_CONVERSION = YES;
				CLANG_WARN_INFINITE_RECURSION = YES;
				CLANG_WARN_INT_CONVERSION = YES;
				CLANG_WARN_NON_LITERAL_NULL_CONVERSION = YES;
				CLANG_WARN_OBJC_IMPLICIT_RETAIN_SELF = YES;
				CLANG_WARN_OBJC_LITERAL_CONVERSION = YES;
				CLANG_WARN_OBJC_ROOT_CLASS = YES_ERROR;
				CLANG_WARN_QUOTED_INCLUDE_IN_FRAMEWORK_HEADER = YES;
				CLANG_WARN_RANGE_LOOP_ANALYSIS = YES;
				CLANG_WARN_STRICT_PROTOTYPES = YES;
				CLANG_WARN_SUSPICIOUS_MOVE = YES;
				CLANG_WARN_UNGUARDED_AVAILABILITY = YES_AGGRESSIVE;
				CLANG_WARN_UNREACHABLE_CODE = YES;
				CLANG_WARN__DUPLICATE_METHOD_MATCH = YES;
				COPY_PHASE_STRIP = NO;
				DEBUG_INFORMATION_FORMAT = dwarf;
				ENABLE_STRICT_OBJC_MSGSEND = YES;
				ENABLE_TESTABILITY = YES;
				ENABLE_USER_SCRIPT_SANDBOXING = YES;
				GCC_C_LANGUAGE_STANDARD = gnu17;
				GCC_DYNAMIC_NO_PIC = NO;
				GCC_NO_COMMON_BLOCKS = YES;
				GCC_OPTIMIZATION_LEVEL = 0;
				GCC_PREPROCESSOR_DEFINITIONS = (
					"DEBUG=1",
					"$(inherited)",
				);
				GCC_WARN_64_TO_32_BIT_CONVERSION = YES;
				GCC_WARN_ABOUT_RETURN_TYPE = YES_ERROR;
				GCC_WARN_UNDECLARED_SELECTOR = YES;
				GCC_WARN_UNINITIALIZED_AUTOS = YES_AGGRESSIVE;
				GCC_WARN_UNUSED_FUNCTION = YES;
				GCC_WARN_UNUSED_VARIABLE = YES;
				IPHONEOS_DEPLOYMENT_TARGET = 17.0;
				LOCALIZATION_PREFERS_STRING_CATALOGS = YES;
				MACOSX_DEPLOYMENT_TARGET = 14.0;
				MTL_ENABLE_DEBUG_INFO = INCLUDE_SOURCE;
				MTL_FAST_MATH = YES;
				ONLY_ACTIVE_ARCH = YES;
				SWIFT_ACTIVE_COMPILATION_CONDITIONS = "DEBUG $(inherited)";
				SWIFT_OPTIMIZATION_LEVEL = "-Onone";
			};
			name = Debug;
		};
		599CA37F2B3F86CB0044E248 /* Release */ = {
			isa = XCBuildConfiguration;
			buildSettings = {
				ALWAYS_SEARCH_USER_PATHS = NO;
				ASSETCATALOG_COMPILER_GENERATE_SWIFT_ASSET_SYMBOL_EXTENSIONS = YES;
				CLANG_ANALYZER_NONNULL = YES;
				CLANG_ANALYZER_NUMBER_OBJECT_CONVERSION = YES_AGGRESSIVE;
				CLANG_CXX_LANGUAGE_STANDARD = "gnu++20";
				CLANG_ENABLE_MODULES = YES;
				CLANG_ENABLE_OBJC_ARC = YES;
				CLANG_ENABLE_OBJC_WEAK = YES;
				CLANG_WARN_BLOCK_CAPTURE_AUTORELEASING = YES;
				CLANG_WARN_BOOL_CONVERSION = YES;
				CLANG_WARN_COMMA = YES;
				CLANG_WARN_CONSTANT_CONVERSION = YES;
				CLANG_WARN_DEPRECATED_OBJC_IMPLEMENTATIONS = YES;
				CLANG_WARN_DIRECT_OBJC_ISA_USAGE = YES_ERROR;
				CLANG_WARN_DOCUMENTATION_COMMENTS = YES;
				CLANG_WARN_EMPTY_BODY = YES;
				CLANG_WARN_ENUM_CONVERSION = YES;
				CLANG_WARN_INFINITE_RECURSION = YES;
				CLANG_WARN_INT_CONVERSION = YES;
				CLANG_WARN_NON_LITERAL_NULL_CONVERSION = YES;
				CLANG_WARN_OBJC_IMPLICIT_RETAIN_SELF = YES;
				CLANG_WARN_OBJC_LITERAL_CONVERSION = YES;
				CLANG_WARN_OBJC_ROOT_CLASS = YES_ERROR;
				CLANG_WARN_QUOTED_INCLUDE_IN_FRAMEWORK_HEADER = YES;
				CLANG_WARN_RANGE_LOOP_ANALYSIS = YES;
				CLANG_WARN_STRICT_PROTOTYPES = YES;
				CLANG_WARN_SUSPICIOUS_MOVE = YES;
				CLANG_WARN_UNGUARDED_AVAILABILITY = YES_AGGRESSIVE;
				CLANG_WARN_UNREACHABLE_CODE = YES;
				CLANG_WARN__DUPLICATE_METHOD_MATCH = YES;
				COPY_PHASE_STRIP = NO;
				DEBUG_INFORMATION_FORMAT = "dwarf-with-dsym";
				ENABLE_NS_ASSERTIONS = NO;
				ENABLE_STRICT_OBJC_MSGSEND = YES;
				ENABLE_USER_SCRIPT_SANDBOXING = YES;
				GCC_C_LANGUAGE_STANDARD = gnu17;
				GCC_NO_COMMON_BLOCKS = YES;
				GCC_WARN_64_TO_32_BIT_CONVERSION = YES;
				GCC_WARN_ABOUT_RETURN_TYPE = YES_ERROR;
				GCC_WARN_UNDECLARED_SELECTOR = YES;
				GCC_WARN_UNINITIALIZED_AUTOS = YES_AGGRESSIVE;
				GCC_WARN_UNUSED_FUNCTION = YES;
				GCC_WARN_UNUSED_VARIABLE = YES;
				IPHONEOS_DEPLOYMENT_TARGET = 17.0;
				LOCALIZATION_PREFERS_STRING_CATALOGS = YES;
				MACOSX_DEPLOYMENT_TARGET = 14.0;
				MTL_ENABLE_DEBUG_INFO = NO;
				MTL_FAST_MATH = YES;
				SWIFT_COMPILATION_MODE = wholemodule;
			};
			name = Release;
		};
		599CA3812B3F86CB0044E248 /* Debug */ = {
			isa = XCBuildConfiguration;
			buildSettings = {
				ASSETCATALOG_COMPILER_APPICON_NAME = AppIcon;
				ASSETCATALOG_COMPILER_GLOBAL_ACCENT_COLOR_NAME = AccentColor;
				CODE_SIGN_ENTITLEMENTS = Appetizer/Appetizer.entitlements;
				CODE_SIGN_STYLE = Automatic;
				CURRENT_PROJECT_VERSION = 1;
				DEVELOPMENT_ASSET_PATHS = "\"Appetizer/Preview Content\"";
				DEVELOPMENT_TEAM = 28L3XT98F5;
				ENABLE_HARDENED_RUNTIME = YES;
				ENABLE_PREVIEWS = YES;
				GENERATE_INFOPLIST_FILE = YES;
				"INFOPLIST_KEY_UIApplicationSceneManifest_Generation[sdk=iphoneos*]" = YES;
				"INFOPLIST_KEY_UIApplicationSceneManifest_Generation[sdk=iphonesimulator*]" = YES;
				"INFOPLIST_KEY_UIApplicationSupportsIndirectInputEvents[sdk=iphoneos*]" = YES;
				"INFOPLIST_KEY_UIApplicationSupportsIndirectInputEvents[sdk=iphonesimulator*]" = YES;
				"INFOPLIST_KEY_UILaunchScreen_Generation[sdk=iphoneos*]" = YES;
				"INFOPLIST_KEY_UILaunchScreen_Generation[sdk=iphonesimulator*]" = YES;
				"INFOPLIST_KEY_UIStatusBarStyle[sdk=iphoneos*]" = UIStatusBarStyleDefault;
				"INFOPLIST_KEY_UIStatusBarStyle[sdk=iphonesimulator*]" = UIStatusBarStyleDefault;
				INFOPLIST_KEY_UISupportedInterfaceOrientations_iPad = "UIInterfaceOrientationPortrait UIInterfaceOrientationPortraitUpsideDown UIInterfaceOrientationLandscapeLeft UIInterfaceOrientationLandscapeRight";
				INFOPLIST_KEY_UISupportedInterfaceOrientations_iPhone = "UIInterfaceOrientationPortrait UIInterfaceOrientationLandscapeLeft UIInterfaceOrientationLandscapeRight";
				IPHONEOS_DEPLOYMENT_TARGET = 17.0;
				LD_RUNPATH_SEARCH_PATHS = "@executable_path/Frameworks";
				"LD_RUNPATH_SEARCH_PATHS[sdk=macosx*]" = "@executable_path/../Frameworks";
				MACOSX_DEPLOYMENT_TARGET = 14.0;
				MARKETING_VERSION = 1.0;
				PRODUCT_BUNDLE_IDENTIFIER = com.marcosfellipec.Appetizer;
				PRODUCT_NAME = "$(TARGET_NAME)";
				SDKROOT = auto;
				SUPPORTED_PLATFORMS = "iphoneos iphonesimulator macosx";
				SWIFT_EMIT_LOC_STRINGS = YES;
				SWIFT_VERSION = 5.0;
				TARGETED_DEVICE_FAMILY = "1,2";
			};
			name = Debug;
		};
		599CA3822B3F86CB0044E248 /* Release */ = {
			isa = XCBuildConfiguration;
			buildSettings = {
				ASSETCATALOG_COMPILER_APPICON_NAME = AppIcon;
				ASSETCATALOG_COMPILER_GLOBAL_ACCENT_COLOR_NAME = AccentColor;
				CODE_SIGN_ENTITLEMENTS = Appetizer/Appetizer.entitlements;
				CODE_SIGN_STYLE = Automatic;
				CURRENT_PROJECT_VERSION = 1;
				DEVELOPMENT_ASSET_PATHS = "\"Appetizer/Preview Content\"";
				DEVELOPMENT_TEAM = 28L3XT98F5;
				ENABLE_HARDENED_RUNTIME = YES;
				ENABLE_PREVIEWS = YES;
				GENERATE_INFOPLIST_FILE = YES;
				"INFOPLIST_KEY_UIApplicationSceneManifest_Generation[sdk=iphoneos*]" = YES;
				"INFOPLIST_KEY_UIApplicationSceneManifest_Generation[sdk=iphonesimulator*]" = YES;
				"INFOPLIST_KEY_UIApplicationSupportsIndirectInputEvents[sdk=iphoneos*]" = YES;
				"INFOPLIST_KEY_UIApplicationSupportsIndirectInputEvents[sdk=iphonesimulator*]" = YES;
				"INFOPLIST_KEY_UILaunchScreen_Generation[sdk=iphoneos*]" = YES;
				"INFOPLIST_KEY_UILaunchScreen_Generation[sdk=iphonesimulator*]" = YES;
				"INFOPLIST_KEY_UIStatusBarStyle[sdk=iphoneos*]" = UIStatusBarStyleDefault;
				"INFOPLIST_KEY_UIStatusBarStyle[sdk=iphonesimulator*]" = UIStatusBarStyleDefault;
				INFOPLIST_KEY_UISupportedInterfaceOrientations_iPad = "UIInterfaceOrientationPortrait UIInterfaceOrientationPortraitUpsideDown UIInterfaceOrientationLandscapeLeft UIInterfaceOrientationLandscapeRight";
				INFOPLIST_KEY_UISupportedInterfaceOrientations_iPhone = "UIInterfaceOrientationPortrait UIInterfaceOrientationLandscapeLeft UIInterfaceOrientationLandscapeRight";
				IPHONEOS_DEPLOYMENT_TARGET = 17.0;
				LD_RUNPATH_SEARCH_PATHS = "@executable_path/Frameworks";
				"LD_RUNPATH_SEARCH_PATHS[sdk=macosx*]" = "@executable_path/../Frameworks";
				MACOSX_DEPLOYMENT_TARGET = 14.0;
				MARKETING_VERSION = 1.0;
				PRODUCT_BUNDLE_IDENTIFIER = com.marcosfellipec.Appetizer;
				PRODUCT_NAME = "$(TARGET_NAME)";
				SDKROOT = auto;
				SUPPORTED_PLATFORMS = "iphoneos iphonesimulator macosx";
				SWIFT_EMIT_LOC_STRINGS = YES;
				SWIFT_VERSION = 5.0;
				TARGETED_DEVICE_FAMILY = "1,2";
			};
			name = Release;
		};
/* End XCBuildConfiguration section */

/* Begin XCConfigurationList section */
		599CA36C2B3F86C80044E248 /* Build configuration list for PBXProject "Appetizer" */ = {
			isa = XCConfigurationList;
			buildConfigurations = (
				599CA37E2B3F86CB0044E248 /* Debug */,
				599CA37F2B3F86CB0044E248 /* Release */,
			);
			defaultConfigurationIsVisible = 0;
			defaultConfigurationName = Release;
		};
		599CA3802B3F86CB0044E248 /* Build configuration list for PBXNativeTarget "Appetizer" */ = {
			isa = XCConfigurationList;
			buildConfigurations = (
				599CA3812B3F86CB0044E248 /* Debug */,
				599CA3822B3F86CB0044E248 /* Release */,
			);
			defaultConfigurationIsVisible = 0;
			defaultConfigurationName = Release;
		};
/* End XCConfigurationList section */
	};
	rootObject = 599CA3692B3F86C80044E248 /* Project object */;
}
